# This file was autogenerated by Stack.
# You should not edit this file by hand.
# For more information, please see the documentation at:
#   https://docs.haskellstack.org/en/stable/lock_files

packages:
- completed:
    hackage: postgresql-simple-0.6.3@sha256:d42d397fc8cba02ee24d1138e5c7c2f6c38803cf6cf0ec5afae4334e5f4f3d5c,5164
    pantry-tree:
      size: 4139
      sha256: 552c3236396547af44247cc8527a18427b543e68f6d0efbc42e26cd11e153c59
  original:
    hackage: postgresql-simple-0.6.3
- completed:
    hackage: postgresql-query-3.8.1@sha256:a870ec4d376c3afbe7787a164ac01b736fcfdc84e3608e02b3a2a24ce16b04bd,5033
    pantry-tree:
      size: 2067
      sha256: c721775afbdf45f7d18f57288fa098dbfe9f9c02ed89fe47cab3c8f9eb446a6d
  original:
    hackage: postgresql-query-3.8.1
- completed:
    hackage: squeal-postgresql-0.8.1.1@sha256:f154e2ef346bb5566e98addee7da8977731f8f534698a683c0c4e63cd48ea0f4,5935
    pantry-tree:
      size: 5919
      sha256: 73bcf48f0cd146ccebe4d1aee508aa5912d0eaa3f8f1f131fe6d2ead3109d398
  original:
    hackage: squeal-postgresql-0.8.1.1
- completed:
    hackage: free-categories-0.2.0.2@sha256:ce634c030c1dd9a40d101166876ae1d80fb6e4cb02c1755e2cefbcd74a161a69,855
    pantry-tree:
      size: 522
      sha256: 0d1d7cb64f28f61dc2e1efd7225a4ec0f8cf5a58e170d33ecbc637288fde4d82
  original:
    hackage: free-categories-0.2.0.2
snapshots:
- completed:
    size: 532379
    url: https://raw.githubusercontent.com/commercialhaskell/stackage-snapshots/master/lts/16/8.yaml
    sha256: 2ad3210d2ad35f3176005d68369a18e4d984517bfaa2caade76f28ed0b2e0521
  original: lts-16.8
