# This file was autogenerated by Stack.
# You should not edit this file by hand.
# For more information, please see the documentation at:
#   https://docs.haskellstack.org/en/stable/lock_files

packages:
- completed:
    name: postgresql-query
    version: 3.5.0
    git: https://github.com/Simspace/postgresql-query
    pantry-tree:
      size: 2486
      sha256: da6a8d783aa7e2942f89482ef1965b911ec87a9a10e9ae0c715c8ca4a5e6bc2d
    commit: b45346d7af5a5de6f083349ac1fcee830afe4112
  original:
    git: https://github.com/Simspace/postgresql-query
    commit: b45346d7af5a5de6f083349ac1fcee830afe4112
- completed:
    hackage: squeal-postgresql-0.6.0.2@sha256:2bd808a80c8c67da612049908152134b5d70650303239c6754ed0cf1dfab5305,5624
    pantry-tree:
      size: 5567
      sha256: 670f0e300c6c1fef9b0d281018b2dc8a7f48f5c890ba28a942a53c0357a7cd53
  original:
    hackage: squeal-postgresql-0.6.0.2
- completed:
    hackage: free-categories-0.2.0.0@sha256:2d248c669140cf82324569eaf90406c7c9d4a510088aca1979c9bd411bc5980c,855
    pantry-tree:
      size: 521
      sha256: af05c360575925cbb741acfc8daf527ede3b17bf6cc33b25b699821753f545f2
  original:
    hackage: free-categories-0.2.0.0
snapshots:
- completed:
    size: 491387
    url: https://raw.githubusercontent.com/commercialhaskell/stackage-snapshots/master/lts/15/6.yaml
    sha256: 8d81505a6de861e167a58534ab62330afb75bfa108735c7db1204f7ef2a39d79
  original: lts-15.6
