# This file was autogenerated by Stack.
# You should not edit this file by hand.
# For more information, please see the documentation at:
#   https://docs.haskellstack.org/en/stable/lock_files

packages:
- completed:
    cabal-file:
      size: 4959
      sha256: 8891f4eea893607c6e500d73f5f095e11f5bc7c0c20467e6b9040a3e1be039a5
    name: postgresql-query
    version: 3.5.0
    git: https://github.com/Simspace/postgresql-query
    pantry-tree:
      size: 2486
      sha256: da6a8d783aa7e2942f89482ef1965b911ec87a9a10e9ae0c715c8ca4a5e6bc2d
    commit: b45346d7af5a5de6f083349ac1fcee830afe4112
  original:
    git: https://github.com/Simspace/postgresql-query
    commit: b45346d7af5a5de6f083349ac1fcee830afe4112
- completed:
    hackage: squeal-postgresql-0.7.0.1@sha256:dee79b7d3efa0ac62a84f4cbb8c8101f668efab8e38214e0214dd82a261cf4e1,5916
    pantry-tree:
      size: 5824
      sha256: abaa6e041a6fe0e92f96082bdbdc0037ccd61fc45c56b20c90e3c765ab3e48e7
  original:
    hackage: squeal-postgresql-0.7.0.1
- completed:
    hackage: free-categories-0.2.0.2@sha256:ce634c030c1dd9a40d101166876ae1d80fb6e4cb02c1755e2cefbcd74a161a69,855
    pantry-tree:
      size: 522
      sha256: 0d1d7cb64f28f61dc2e1efd7225a4ec0f8cf5a58e170d33ecbc637288fde4d82
  original:
    hackage: free-categories-0.2.0.2
snapshots:
- completed:
    size: 532379
    url: https://raw.githubusercontent.com/commercialhaskell/stackage-snapshots/master/lts/16/8.yaml
    sha256: 2ad3210d2ad35f3176005d68369a18e4d984517bfaa2caade76f28ed0b2e0521
  original: lts-16.8
